
Microsoft Visual Studio Solution File, Format Version 12.00
# Visual Studio Version 17
VisualStudioVersion = 17.14.37628.2 d17.14
MinimumVisualStudioVersion = 10.0.40219.1
Project("{FAE04EC0-301F-11D3-BF4B-00C04F79EFBC}") = "DemoDI", "DemoDI\DemoDI.csproj", "{50FD201F-E6FA-4313-BEAC-F9DE9FFA4567}"
EndProject
Global
	GlobalSection(SolutionConfigurationPlatforms) = preSolution
		Debug|Any CPU = Debug|Any CPU
		Release|Any CPU = Release|Any CPU
	EndGlobalSection
	GlobalSection(ProjectConfigurationPlatforms) = postSolution
		{50FD201F-E6FA-4313-BEAC-F9DE9FFA4567}.Debug|Any CPU.ActiveCfg = Debug|Any CPU
		{50FD201F-E6FA-4313-BEAC-F9DE9FFA4567}.Debug|Any CPU.Build.0 = Debug|Any CPU
		{50FD201F-E6FA-4313-BEAC-F9DE9FFA4567}.Release|Any CPU.ActiveCfg = Release|Any CPU
		{50FD201F-E6FA-4313-BEAC-F9DE9FFA4567}.Release|Any CPU.Build.0 = Release|Any CPU
	EndGlobalSection
	GlobalSection(SolutionProperties) = preSolution
		HideSolutionNode = FALSE
	EndGlobalSection
	GlobalSection(ExtensibilityGlobals) = postSolution
		SolutionGuid = {F345E15C-6FA8-4231-B0C7-E89696747DBE}
	EndGlobalSection
EndGlobal
